
Microsoft Visual Studio Solution File, Format Version 12.00
# Visual Studio Version 17
VisualStudioVersion = 17.12.35527.113 d17.12
MinimumVisualStudioVersion = 10.0.40219.1
Project("{FAE04EC0-301F-11D3-BF4B-00C04F79EFBC}") = "BasicCRUDOperation", "BasicCRUDOperation.csproj", "{FEA951CD-0708-45F2-ADF7-F370075C3D5B}"
EndProject
Global
	GlobalSection(SolutionConfigurationPlatforms) = preSolution
		Debug|Any CPU = Debug|Any CPU
		Release|Any CPU = Release|Any CPU
	EndGlobalSection
	GlobalSection(ProjectConfigurationPlatforms) = postSolution
		{FEA951CD-0708-45F2-ADF7-F370075C3D5B}.Debug|Any CPU.ActiveCfg = Debug|Any CPU
		{FEA951CD-0708-45F2-ADF7-F370075C3D5B}.Debug|Any CPU.Build.0 = Debug|Any CPU
		{FEA951CD-0708-45F2-ADF7-F370075C3D5B}.Release|Any CPU.ActiveCfg = Release|Any CPU
		{FEA951CD-0708-45F2-ADF7-F370075C3D5B}.Release|Any CPU.Build.0 = Release|Any CPU
	EndGlobalSection
	GlobalSection(SolutionProperties) = preSolution
		HideSolutionNode = FALSE
	EndGlobalSection
EndGlobal
